<Solution>
  <Configurations>
    <Platform Name="x64" />
    <Platform Name="x86" />
  </Configurations>
  <Project Path="win-tile-tester/win-tile-tester.vcxproj" Id="cbfa0750-74fb-4312-99de-db2e3c11462f" />
  <Project Path="win-tiler.vcxproj" Id="6096c6a5-a927-432e-95d1-dc64579103f3" />
</Solution>
